// !$*UTF8*$!
{
	archiveVersion = 1;
	classes = {
	};
	objectVersion = 48;
	objects = {

/* Begin PBXBuildFile section */
		641B55D7E99A8BB62AB98260 /* Pods_Instagram_Project.framework in Frameworks */ = {isa = PBXBuildFile; fileRef = CEB1FD2B757AB01BC0620EB2 /* Pods_Instagram_Project.framework */; };
		D128E0B71FA224BC00D636C4 /* MainTabBarController.swift in Sources */ = {isa = PBXBuildFile; fileRef = D128E0B61FA224BC00D636C4 /* MainTabBarController.swift */; };
		D128E0B91FA2257300D636C4 /* UserProfileController.swift in Sources */ = {isa = PBXBuildFile; fileRef = D128E0B81FA2257300D636C4 /* UserProfileController.swift */; };
		D128E0BB1FA22C3E00D636C4 /* UserProfileHeader.swift in Sources */ = {isa = PBXBuildFile; fileRef = D128E0BA1FA22C3E00D636C4 /* UserProfileHeader.swift */; };
		D128E0BD1FA2342C00D636C4 /* User.swift in Sources */ = {isa = PBXBuildFile; fileRef = D128E0BC1FA2342C00D636C4 /* User.swift */; };
		D128E0C91FA39A1F00D636C4 /* LoginController.swift in Sources */ = {isa = PBXBuildFile; fileRef = D128E0C81FA39A1F00D636C4 /* LoginController.swift */; };
		D128E0CB1FA3D02600D636C4 /* LoginOrSignUpController.swift in Sources */ = {isa = PBXBuildFile; fileRef = D128E0CA1FA3D02600D636C4 /* LoginOrSignUpController.swift */; };
		D1622DE61FA0DB900079A6ED /* AppDelegate.swift in Sources */ = {isa = PBXBuildFile; fileRef = D1622DE51FA0DB900079A6ED /* AppDelegate.swift */; };
		D1622DE81FA0DB900079A6ED /* SignUpController.swift in Sources */ = {isa = PBXBuildFile; fileRef = D1622DE71FA0DB900079A6ED /* SignUpController.swift */; };
		D1622DEB1FA0DB900079A6ED /* Main.storyboard in Resources */ = {isa = PBXBuildFile; fileRef = D1622DE91FA0DB900079A6ED /* Main.storyboard */; };
		D1622DED1FA0DB900079A6ED /* Assets.xcassets in Resources */ = {isa = PBXBuildFile; fileRef = D1622DEC1FA0DB900079A6ED /* Assets.xcassets */; };
		D1622DF01FA0DB900079A6ED /* LaunchScreen.storyboard in Resources */ = {isa = PBXBuildFile; fileRef = D1622DEE1FA0DB900079A6ED /* LaunchScreen.storyboard */; };
		D1622DF81FA0E1170079A6ED /* Extension.swift in Sources */ = {isa = PBXBuildFile; fileRef = D1622DF71FA0E1170079A6ED /* Extension.swift */; };
		D1622DFE1FA11A510079A6ED /* GoogleService-Info.plist in Resources */ = {isa = PBXBuildFile; fileRef = D1622DFD1FA11A510079A6ED /* GoogleService-Info.plist */; };
/* End PBXBuildFile section */

/* Begin PBXFileReference section */
		7D8F0BF50D4DAEA52D141B1A /* Pods-Instagram Project.debug.xcconfig */ = {isa = PBXFileReference; includeInIndex = 1; lastKnownFileType = text.xcconfig; name = "Pods-Instagram Project.debug.xcconfig"; path = "Pods/Target Support Files/Pods-Instagram Project/Pods-Instagram Project.debug.xcconfig"; sourceTree = "<group>"; };
		AC56CD1D5FB080BEF0ADDCD1 /* Pods-Instagram Project.release.xcconfig */ = {isa = PBXFileReference; includeInIndex = 1; lastKnownFileType = text.xcconfig; name = "Pods-Instagram Project.release.xcconfig"; path = "Pods/Target Support Files/Pods-Instagram Project/Pods-Instagram Project.release.xcconfig"; sourceTree = "<group>"; };
		CEB1FD2B757AB01BC0620EB2 /* Pods_Instagram_Project.framework */ = {isa = PBXFileReference; explicitFileType = wrapper.framework; includeInIndex = 0; path = Pods_Instagram_Project.framework; sourceTree = BUILT_PRODUCTS_DIR; };
		D128E0B61FA224BC00D636C4 /* MainTabBarController.swift */ = {isa = PBXFileReference; lastKnownFileType = sourcecode.swift; path = MainTabBarController.swift; sourceTree = "<group>"; };
		D128E0B81FA2257300D636C4 /* UserProfileController.swift */ = {isa = PBXFileReference; lastKnownFileType = sourcecode.swift; path = UserProfileController.swift; sourceTree = "<group>"; };
		D128E0BA1FA22C3E00D636C4 /* UserProfileHeader.swift */ = {isa = PBXFileReference; lastKnownFileType = sourcecode.swift; path = UserProfileHeader.swift; sourceTree = "<group>"; };
		D128E0BC1FA2342C00D636C4 /* User.swift */ = {isa = PBXFileReference; lastKnownFileType = sourcecode.swift; path = User.swift; sourceTree = "<group>"; };
		D128E0C81FA39A1F00D636C4 /* LoginController.swift */ = {isa = PBXFileReference; lastKnownFileType = sourcecode.swift; path = LoginController.swift; sourceTree = "<group>"; };
		D128E0CA1FA3D02600D636C4 /* LoginOrSignUpController.swift */ = {isa = PBXFileReference; lastKnownFileType = sourcecode.swift; path = LoginOrSignUpController.swift; sourceTree = "<group>"; };
		D1622DE21FA0DB900079A6ED /* Instagram Project.app */ = {isa = PBXFileReference; explicitFileType = wrapper.application; includeInIndex = 0; path = "Instagram Project.app"; sourceTree = BUILT_PRODUCTS_DIR; };
		D1622DE51FA0DB900079A6ED /* AppDelegate.swift */ = {isa = PBXFileReference; lastKnownFileType = sourcecode.swift; path = AppDelegate.swift; sourceTree = "<group>"; };
		D1622DE71FA0DB900079A6ED /* SignUpController.swift */ = {isa = PBXFileReference; lastKnownFileType = sourcecode.swift; path = SignUpController.swift; sourceTree = "<group>"; };
		D1622DEA1FA0DB900079A6ED /* Base */ = {isa = PBXFileReference; lastKnownFileType = file.storyboard; name = Base; path = Base.lproj/Main.storyboard; sourceTree = "<group>"; };
		D1622DEC1FA0DB900079A6ED /* Assets.xcassets */ = {isa = PBXFileReference; lastKnownFileType = folder.assetcatalog; path = Assets.xcassets; sourceTree = "<group>"; };
		D1622DEF1FA0DB900079A6ED /* Base */ = {isa = PBXFileReference; lastKnownFileType = file.storyboard; name = Base; path = Base.lproj/LaunchScreen.storyboard; sourceTree = "<group>"; };
		D1622DF11FA0DB900079A6ED /* Info.plist */ = {isa = PBXFileReference; lastKnownFileType = text.plist.xml; path = Info.plist; sourceTree = "<group>"; };
		D1622DF71FA0E1170079A6ED /* Extension.swift */ = {isa = PBXFileReference; lastKnownFileType = sourcecode.swift; path = Extension.swift; sourceTree = "<group>"; };
		D1622DFD1FA11A510079A6ED /* GoogleService-Info.plist */ = {isa = PBXFileReference; fileEncoding = 4; lastKnownFileType = text.plist.xml; path = "GoogleService-Info.plist"; sourceTree = "<group>"; };
/* End PBXFileReference section */

/* Begin PBXFrameworksBuildPhase section */
		D1622DDF1FA0DB900079A6ED /* Frameworks */ = {
			isa = PBXFrameworksBuildPhase;
			buildActionMask = 2147483647;
			files = (
				641B55D7E99A8BB62AB98260 /* Pods_Instagram_Project.framework in Frameworks */,
			);
			runOnlyForDeploymentPostprocessing = 0;
		};
/* End PBXFrameworksBuildPhase section */

/* Begin PBXGroup section */
		11BB8F9D28E3AC7FF5D3660E /* Frameworks */ = {
			isa = PBXGroup;
			children = (
				CEB1FD2B757AB01BC0620EB2 /* Pods_Instagram_Project.framework */,
			);
			name = Frameworks;
			sourceTree = "<group>";
		};
		7F170496A249791C9F5D269F /* Pods */ = {
			isa = PBXGroup;
			children = (
				7D8F0BF50D4DAEA52D141B1A /* Pods-Instagram Project.debug.xcconfig */,
				AC56CD1D5FB080BEF0ADDCD1 /* Pods-Instagram Project.release.xcconfig */,
			);
			name = Pods;
			sourceTree = "<group>";
		};
		D1622DD91FA0DB900079A6ED = {
			isa = PBXGroup;
			children = (
				D1622DE41FA0DB900079A6ED /* Instagram Project */,
				D1622DE31FA0DB900079A6ED /* Products */,
				7F170496A249791C9F5D269F /* Pods */,
				11BB8F9D28E3AC7FF5D3660E /* Frameworks */,
			);
			sourceTree = "<group>";
		};
		D1622DE31FA0DB900079A6ED /* Products */ = {
			isa = PBXGroup;
			children = (
				D1622DE21FA0DB900079A6ED /* Instagram Project.app */,
			);
			name = Products;
			sourceTree = "<group>";
		};
		D1622DE41FA0DB900079A6ED /* Instagram Project */ = {
			isa = PBXGroup;
			children = (
				D1622DFC1FA0E13E0079A6ED /* Utilities */,
				D1622DFB1FA0E1370079A6ED /* Controller */,
				D1622DFA1FA0E1320079A6ED /* View */,
				D1622DF91FA0E12C0079A6ED /* Model */,
				D1622DE51FA0DB900079A6ED /* AppDelegate.swift */,
				D1622DE91FA0DB900079A6ED /* Main.storyboard */,
				D1622DEC1FA0DB900079A6ED /* Assets.xcassets */,
				D1622DEE1FA0DB900079A6ED /* LaunchScreen.storyboard */,
				D1622DFD1FA11A510079A6ED /* GoogleService-Info.plist */,
				D1622DF11FA0DB900079A6ED /* Info.plist */,
			);
			path = "Instagram Project";
			sourceTree = "<group>";
		};
		D1622DF91FA0E12C0079A6ED /* Model */ = {
			isa = PBXGroup;
			children = (
				D128E0BC1FA2342C00D636C4 /* User.swift */,
			);
			path = Model;
			sourceTree = "<group>";
		};
		D1622DFA1FA0E1320079A6ED /* View */ = {
			isa = PBXGroup;
			children = (
				D128E0BA1FA22C3E00D636C4 /* UserProfileHeader.swift */,
			);
			path = View;
			sourceTree = "<group>";
		};
		D1622DFB1FA0E1370079A6ED /* Controller */ = {
			isa = PBXGroup;
			children = (
				D128E0B61FA224BC00D636C4 /* MainTabBarController.swift */,
				D128E0B81FA2257300D636C4 /* UserProfileController.swift */,
				D128E0C81FA39A1F00D636C4 /* LoginController.swift */,
				D1622DE71FA0DB900079A6ED /* SignUpController.swift */,
				D128E0CA1FA3D02600D636C4 /* LoginOrSignUpController.swift */,
			);
			path = Controller;
			sourceTree = "<group>";
		};
		D1622DFC1FA0E13E0079A6ED /* Utilities */ = {
			isa = PBXGroup;
			children = (
				D1622DF71FA0E1170079A6ED /* Extension.swift */,
			);
			path = Utilities;
			sourceTree = "<group>";
		};
/* End PBXGroup section */

/* Begin PBXNativeTarget section */
		D1622DE11FA0DB900079A6ED /* Instagram Project */ = {
			isa = PBXNativeTarget;
			buildConfigurationList = D1622DF41FA0DB900079A6ED /* Build configuration list for PBXNativeTarget "Instagram Project" */;
			buildPhases = (
				9FBDF2E1357CE5E68D70F897 /* [CP] Check Pods Manifest.lock */,
				D1622DDE1FA0DB900079A6ED /* Sources */,
				D1622DDF1FA0DB900079A6ED /* Frameworks */,
				D1622DE01FA0DB900079A6ED /* Resources */,
				2432FC49106E6D08E2B8EDA1 /* [CP] Embed Pods Frameworks */,
				665961837DA7E20121EA07F1 /* [CP] Copy Pods Resources */,
			);
			buildRules = (
			);
			dependencies = (
			);
			name = "Instagram Project";
			productName = "Instagram Project";
			productReference = D1622DE21FA0DB900079A6ED /* Instagram Project.app */;
			productType = "com.apple.product-type.application";
		};
/* End PBXNativeTarget section */

/* Begin PBXProject section */
		D1622DDA1FA0DB900079A6ED /* Project object */ = {
			isa = PBXProject;
			attributes = {
				LastSwiftUpdateCheck = 0900;
				LastUpgradeCheck = 0900;
				ORGANIZATIONNAME = PoGo;
				TargetAttributes = {
					D1622DE11FA0DB900079A6ED = {
						CreatedOnToolsVersion = 9.0.1;
						ProvisioningStyle = Automatic;
					};
				};
			};
			buildConfigurationList = D1622DDD1FA0DB900079A6ED /* Build configuration list for PBXProject "Instagram Project" */;
			compatibilityVersion = "Xcode 8.0";
			developmentRegion = en;
			hasScannedForEncodings = 0;
			knownRegions = (
				en,
				Base,
			);
			mainGroup = D1622DD91FA0DB900079A6ED;
			productRefGroup = D1622DE31FA0DB900079A6ED /* Products */;
			projectDirPath = "";
			projectRoot = "";
			targets = (
				D1622DE11FA0DB900079A6ED /* Instagram Project */,
			);
		};
/* End PBXProject section */

/* Begin PBXResourcesBuildPhase section */
		D1622DE01FA0DB900079A6ED /* Resources */ = {
			isa = PBXResourcesBuildPhase;
			buildActionMask = 2147483647;
			files = (
				D1622DF01FA0DB900079A6ED /* LaunchScreen.storyboard in Resources */,
				D1622DED1FA0DB900079A6ED /* Assets.xcassets in Resources */,
				D1622DEB1FA0DB900079A6ED /* Main.storyboard in Resources */,
				D1622DFE1FA11A510079A6ED /* GoogleService-Info.plist in Resources */,
			);
			runOnlyForDeploymentPostprocessing = 0;
		};
/* End PBXResourcesBuildPhase section */

/* Begin PBXShellScriptBuildPhase section */
		2432FC49106E6D08E2B8EDA1 /* [CP] Embed Pods Frameworks */ = {
			isa = PBXShellScriptBuildPhase;
			buildActionMask = 2147483647;
			files = (
			);
			inputPaths = (
			);
			name = "[CP] Embed Pods Frameworks";
			outputPaths = (
			);
			runOnlyForDeploymentPostprocessing = 0;
			shellPath = /bin/sh;
			shellScript = "\"${SRCROOT}/Pods/Target Support Files/Pods-Instagram Project/Pods-Instagram Project-frameworks.sh\"\n";
			showEnvVarsInLog = 0;
		};
		665961837DA7E20121EA07F1 /* [CP] Copy Pods Resources */ = {
			isa = PBXShellScriptBuildPhase;
			buildActionMask = 2147483647;
			files = (
			);
			inputPaths = (
			);
			name = "[CP] Copy Pods Resources";
			outputPaths = (
			);
			runOnlyForDeploymentPostprocessing = 0;
			shellPath = /bin/sh;
			shellScript = "\"${SRCROOT}/Pods/Target Support Files/Pods-Instagram Project/Pods-Instagram Project-resources.sh\"\n";
			showEnvVarsInLog = 0;
		};
		9FBDF2E1357CE5E68D70F897 /* [CP] Check Pods Manifest.lock */ = {
			isa = PBXShellScriptBuildPhase;
			buildActionMask = 2147483647;
			files = (
			);
			inputPaths = (
			);
			name = "[CP] Check Pods Manifest.lock";
			outputPaths = (
			);
			runOnlyForDeploymentPostprocessing = 0;
			shellPath = /bin/sh;
			shellScript = "diff \"${PODS_ROOT}/../Podfile.lock\" \"${PODS_ROOT}/Manifest.lock\" > /dev/null\nif [ $? != 0 ] ; then\n    # print error to STDERR\n    echo \"error: The sandbox is not in sync with the Podfile.lock. Run 'pod install' or update your CocoaPods installation.\" >&2\n    exit 1\nfi\n";
			showEnvVarsInLog = 0;
		};
/* End PBXShellScriptBuildPhase section */

/* Begin PBXSourcesBuildPhase section */
		D1622DDE1FA0DB900079A6ED /* Sources */ = {
			isa = PBXSourcesBuildPhase;
			buildActionMask = 2147483647;
			files = (
				D1622DF81FA0E1170079A6ED /* Extension.swift in Sources */,
				D1622DE81FA0DB900079A6ED /* SignUpController.swift in Sources */,
				D128E0B71FA224BC00D636C4 /* MainTabBarController.swift in Sources */,
				D128E0BB1FA22C3E00D636C4 /* UserProfileHeader.swift in Sources */,
				D128E0B91FA2257300D636C4 /* UserProfileController.swift in Sources */,
				D128E0C91FA39A1F00D636C4 /* LoginController.swift in Sources */,
				D1622DE61FA0DB900079A6ED /* AppDelegate.swift in Sources */,
				D128E0BD1FA2342C00D636C4 /* User.swift in Sources */,
				D128E0CB1FA3D02600D636C4 /* LoginOrSignUpController.swift in Sources */,
			);
			runOnlyForDeploymentPostprocessing = 0;
		};
/* End PBXSourcesBuildPhase section */

/* Begin PBXVariantGroup section */
		D1622DE91FA0DB900079A6ED /* Main.storyboard */ = {
			isa = PBXVariantGroup;
			children = (
				D1622DEA1FA0DB900079A6ED /* Base */,
			);
			name = Main.storyboard;
			sourceTree = "<group>";
		};
		D1622DEE1FA0DB900079A6ED /* LaunchScreen.storyboard */ = {
			isa = PBXVariantGroup;
			children = (
				D1622DEF1FA0DB900079A6ED /* Base */,
			);
			name = LaunchScreen.storyboard;
			sourceTree = "<group>";
		};
/* End PBXVariantGroup section */

/* Begin XCBuildConfiguration section */
		D1622DF21FA0DB900079A6ED /* Debug */ = {
			isa = XCBuildConfiguration;
			buildSettings = {
				ALWAYS_SEARCH_USER_PATHS = NO;
				CLANG_ANALYZER_NONNULL = YES;
				CLANG_ANALYZER_NUMBER_OBJECT_CONVERSION = YES_AGGRESSIVE;
				CLANG_CXX_LANGUAGE_STANDARD = "gnu++14";
				CLANG_CXX_LIBRARY = "libc++";
				CLANG_ENABLE_MODULES = YES;
				CLANG_ENABLE_OBJC_ARC = YES;
				CLANG_WARN_BLOCK_CAPTURE_AUTORELEASING = YES;
				CLANG_WARN_BOOL_CONVERSION = YES;
				CLANG_WARN_COMMA = YES;
				CLANG_WARN_CONSTANT_CONVERSION = YES;
				CLANG_WARN_DIRECT_OBJC_ISA_USAGE = YES_ERROR;
				CLANG_WARN_DOCUMENTATION_COMMENTS = YES;
				CLANG_WARN_EMPTY_BODY = YES;
				CLANG_WARN_ENUM_CONVERSION = YES;
				CLANG_WARN_INFINITE_RECURSION = YES;
				CLANG_WARN_INT_CONVERSION = YES;
				CLANG_WARN_NON_LITERAL_NULL_CONVERSION = YES;
				CLANG_WARN_OBJC_LITERAL_CONVERSION = YES;
				CLANG_WARN_OBJC_ROOT_CLASS = YES_ERROR;
				CLANG_WARN_RANGE_LOOP_ANALYSIS = YES;
				CLANG_WARN_STRICT_PROTOTYPES = YES;
				CLANG_WARN_SUSPICIOUS_MOVE = YES;
				CLANG_WARN_UNGUARDED_AVAILABILITY = YES_AGGRESSIVE;
				CLANG_WARN_UNREACHABLE_CODE = YES;
				CLANG_WARN__DUPLICATE_METHOD_MATCH = YES;
				CODE_SIGN_IDENTITY = "iPhone Developer";
				COPY_PHASE_STRIP = NO;
				DEBUG_INFORMATION_FORMAT = dwarf;
				ENABLE_STRICT_OBJC_MSGSEND = YES;
				ENABLE_TESTABILITY = YES;
				GCC_C_LANGUAGE_STANDARD = gnu11;
				GCC_DYNAMIC_NO_PIC = NO;
				GCC_NO_COMMON_BLOCKS = YES;
				GCC_OPTIMIZATION_LEVEL = 0;
				GCC_PREPROCESSOR_DEFINITIONS = (
					"DEBUG=1",
					"$(inherited)",
				);
				GCC_WARN_64_TO_32_BIT_CONVERSION = YES;
				GCC_WARN_ABOUT_RETURN_TYPE = YES_ERROR;
				GCC_WARN_UNDECLARED_SELECTOR = YES;
				GCC_WARN_UNINITIALIZED_AUTOS = YES_AGGRESSIVE;
				GCC_WARN_UNUSED_FUNCTION = YES;
				GCC_WARN_UNUSED_VARIABLE = YES;
				IPHONEOS_DEPLOYMENT_TARGET = 11.0;
				MTL_ENABLE_DEBUG_INFO = YES;
				ONLY_ACTIVE_ARCH = YES;
				SDKROOT = iphoneos;
				SWIFT_ACTIVE_COMPILATION_CONDITIONS = DEBUG;
				SWIFT_OPTIMIZATION_LEVEL = "-Onone";
			};
			name = Debug;
		};
		D1622DF31FA0DB900079A6ED /* Release */ = {
			isa = XCBuildConfiguration;
			buildSettings = {
				ALWAYS_SEARCH_USER_PATHS = NO;
				CLANG_ANALYZER_NONNULL = YES;
				CLANG_ANALYZER_NUMBER_OBJECT_CONVERSION = YES_AGGRESSIVE;
				CLANG_CXX_LANGUAGE_STANDARD = "gnu++14";
				CLANG_CXX_LIBRARY = "libc++";
				CLANG_ENABLE_MODULES = YES;
				CLANG_ENABLE_OBJC_ARC = YES;
				CLANG_WARN_BLOCK_CAPTURE_AUTORELEASING = YES;
				CLANG_WARN_BOOL_CONVERSION = YES;
				CLANG_WARN_COMMA = YES;
				CLANG_WARN_CONSTANT_CONVERSION = YES;
				CLANG_WARN_DIRECT_OBJC_ISA_USAGE = YES_ERROR;
				CLANG_WARN_DOCUMENTATION_COMMENTS = YES;
				CLANG_WARN_EMPTY_BODY = YES;
				CLANG_WARN_ENUM_CONVERSION = YES;
				CLANG_WARN_INFINITE_RECURSION = YES;
				CLANG_WARN_INT_CONVERSION = YES;
				CLANG_WARN_NON_LITERAL_NULL_CONVERSION = YES;
				CLANG_WARN_OBJC_LITERAL_CONVERSION = YES;
				CLANG_WARN_OBJC_ROOT_CLASS = YES_ERROR;
				CLANG_WARN_RANGE_LOOP_ANALYSIS = YES;
				CLANG_WARN_STRICT_PROTOTYPES = YES;
				CLANG_WARN_SUSPICIOUS_MOVE = YES;
				CLANG_WARN_UNGUARDED_AVAILABILITY = YES_AGGRESSIVE;
				CLANG_WARN_UNREACHABLE_CODE = YES;
				CLANG_WARN__DUPLICATE_METHOD_MATCH = YES;
				CODE_SIGN_IDENTITY = "iPhone Developer";
				COPY_PHASE_STRIP = NO;
				DEBUG_INFORMATION_FORMAT = "dwarf-with-dsym";
				ENABLE_NS_ASSERTIONS = NO;
				ENABLE_STRICT_OBJC_MSGSEND = YES;
				GCC_C_LANGUAGE_STANDARD = gnu11;
				GCC_NO_COMMON_BLOCKS = YES;
				GCC_WARN_64_TO_32_BIT_CONVERSION = YES;
				GCC_WARN_ABOUT_RETURN_TYPE = YES_ERROR;
				GCC_WARN_UNDECLARED_SELECTOR = YES;
				GCC_WARN_UNINITIALIZED_AUTOS = YES_AGGRESSIVE;
				GCC_WARN_UNUSED_FUNCTION = YES;
				GCC_WARN_UNUSED_VARIABLE = YES;
				IPHONEOS_DEPLOYMENT_TARGET = 11.0;
				MTL_ENABLE_DEBUG_INFO = NO;
				SDKROOT = iphoneos;
				SWIFT_OPTIMIZATION_LEVEL = "-Owholemodule";
				VALIDATE_PRODUCT = YES;
			};
			name = Release;
		};
		D1622DF51FA0DB900079A6ED /* Debug */ = {
			isa = XCBuildConfiguration;
			baseConfigurationReference = 7D8F0BF50D4DAEA52D141B1A /* Pods-Instagram Project.debug.xcconfig */;
			buildSettings = {
				ASSETCATALOG_COMPILER_APPICON_NAME = AppIcon;
				CODE_SIGN_STYLE = Automatic;
				DEVELOPMENT_TEAM = 6MD343B76Q;
				INFOPLIST_FILE = "Instagram Project/Info.plist";
				LD_RUNPATH_SEARCH_PATHS = "$(inherited) @executable_path/Frameworks";
				PRODUCT_BUNDLE_IDENTIFIER = "KevinVu.Instagram-Project";
				PRODUCT_NAME = "$(TARGET_NAME)";
				SWIFT_VERSION = 4.0;
				TARGETED_DEVICE_FAMILY = "1,2";
			};
			name = Debug;
		};
		D1622DF61FA0DB900079A6ED /* Release */ = {
			isa = XCBuildConfiguration;
			baseConfigurationReference = AC56CD1D5FB080BEF0ADDCD1 /* Pods-Instagram Project.release.xcconfig */;
			buildSettings = {
				ASSETCATALOG_COMPILER_APPICON_NAME = AppIcon;
				CODE_SIGN_STYLE = Automatic;
				DEVELOPMENT_TEAM = 6MD343B76Q;
				INFOPLIST_FILE = "Instagram Project/Info.plist";
				LD_RUNPATH_SEARCH_PATHS = "$(inherited) @executable_path/Frameworks";
				PRODUCT_BUNDLE_IDENTIFIER = "KevinVu.Instagram-Project";
				PRODUCT_NAME = "$(TARGET_NAME)";
				SWIFT_VERSION = 4.0;
				TARGETED_DEVICE_FAMILY = "1,2";
			};
			name = Release;
		};
/* End XCBuildConfiguration section */

/* Begin XCConfigurationList section */
		D1622DDD1FA0DB900079A6ED /* Build configuration list for PBXProject "Instagram Project" */ = {
			isa = XCConfigurationList;
			buildConfigurations = (
				D1622DF21FA0DB900079A6ED /* Debug */,
				D1622DF31FA0DB900079A6ED /* Release */,
			);
			defaultConfigurationIsVisible = 0;
			defaultConfigurationName = Release;
		};
		D1622DF41FA0DB900079A6ED /* Build configuration list for PBXNativeTarget "Instagram Project" */ = {
			isa = XCConfigurationList;
			buildConfigurations = (
				D1622DF51FA0DB900079A6ED /* Debug */,
				D1622DF61FA0DB900079A6ED /* Release */,
			);
			defaultConfigurationIsVisible = 0;
			defaultConfigurationName = Release;
		};
/* End XCConfigurationList section */
	};
	rootObject = D1622DDA1FA0DB900079A6ED /* Project object */;
}
